
Microsoft Visual Studio Solution File, Format Version 12.00
# Visual Studio Version 17
VisualStudioVersion = 17.0.31912.275
MinimumVisualStudioVersion = 10.0.40219.1
Project("{2150E333-8FDC-42A3-9474-1A3956D46DE8}") = "src", "src", "{48596F8C-470B-4F84-9305-E987D6B489D8}"
EndProject
Project("{9A19103F-16F7-4668-BE54-9A1E7A4F7556}") = "Orleans.EventuousGrains", "src\Orleans.EventuousGrains\Orleans.EventuousGrains.csproj", "{B915D351-BC0F-4DCC-9325-7BB6C2DCFA61}"
EndProject
Global
	GlobalSection(SolutionConfigurationPlatforms) = preSolution
		Debug|Any CPU = Debug|Any CPU
		Release|Any CPU = Release|Any CPU
	EndGlobalSection
	GlobalSection(ProjectConfigurationPlatforms) = postSolution
		{B915D351-BC0F-4DCC-9325-7BB6C2DCFA61}.Debug|Any CPU.ActiveCfg = Debug|Any CPU
		{B915D351-BC0F-4DCC-9325-7BB6C2DCFA61}.Debug|Any CPU.Build.0 = Debug|Any CPU
		{B915D351-BC0F-4DCC-9325-7BB6C2DCFA61}.Release|Any CPU.ActiveCfg = Release|Any CPU
		{B915D351-BC0F-4DCC-9325-7BB6C2DCFA61}.Release|Any CPU.Build.0 = Release|Any CPU
	EndGlobalSection
	GlobalSection(SolutionProperties) = preSolution
		HideSolutionNode = FALSE
	EndGlobalSection
	GlobalSection(NestedProjects) = preSolution
		{B915D351-BC0F-4DCC-9325-7BB6C2DCFA61} = {48596F8C-470B-4F84-9305-E987D6B489D8}
	EndGlobalSection
	GlobalSection(ExtensibilityGlobals) = postSolution
		SolutionGuid = {2CE4409A-EB7D-4685-8225-A22BE2D7BBFE}
	EndGlobalSection
EndGlobal
